// !$*UTF8*$!
{
	archiveVersion = 1;
	classes = {
	};
	objectVersion = 55;
	objects = {

/* Begin PBXBuildFile section */
		F9F0D3AD283D592000568EA1 /* TabbedInterfaceeApp.swift in Sources */ = {isa = PBXBuildFile; fileRef = F9F0D3AC283D592000568EA1 /* TabbedInterfaceeApp.swift */; };
		F9F0D3AF283D592000568EA1 /* ContentView.swift in Sources */ = {isa = PBXBuildFile; fileRef = F9F0D3AE283D592000568EA1 /* ContentView.swift */; };
		F9F0D3B1283D592200568EA1 /* Assets.xcassets in Resources */ = {isa = PBXBuildFile; fileRef = F9F0D3B0283D592200568EA1 /* Assets.xcassets */; };
		F9F0D3B4283D592200568EA1 /* Preview Assets.xcassets in Resources */ = {isa = PBXBuildFile; fileRef = F9F0D3B3283D592200568EA1 /* Preview Assets.xcassets */; };
		F9F0D3BB283D597600568EA1 /* HomeView.swift in Sources */ = {isa = PBXBuildFile; fileRef = F9F0D3BA283D597600568EA1 /* HomeView.swift */; };
		F9F0D3BD283D598100568EA1 /* StoryView.swift in Sources */ = {isa = PBXBuildFile; fileRef = F9F0D3BC283D598100568EA1 /* StoryView.swift */; };
		F9F0D3BF283D598700568EA1 /* FavoritesView.swift in Sources */ = {isa = PBXBuildFile; fileRef = F9F0D3BE283D598700568EA1 /* FavoritesView.swift */; };
		F9F0D3C1283D598F00568EA1 /* FunFactsView.swift in Sources */ = {isa = PBXBuildFile; fileRef = F9F0D3C0283D598F00568EA1 /* FunFactsView.swift */; };
		F9F0D3C6283D5A4F00568EA1 /* Data.swift in Sources */ = {isa = PBXBuildFile; fileRef = F9F0D3C5283D5A4F00568EA1 /* Data.swift */; };
/* End PBXBuildFile section */

/* Begin PBXFileReference section */
		F9F0D3A9283D592000568EA1 /* TabbedInterfacee.app */ = {isa = PBXFileReference; explicitFileType = wrapper.application; includeInIndex = 0; path = TabbedInterfacee.app; sourceTree = BUILT_PRODUCTS_DIR; };
		F9F0D3AC283D592000568EA1 /* TabbedInterfaceeApp.swift */ = {isa = PBXFileReference; lastKnownFileType = sourcecode.swift; path = TabbedInterfaceeApp.swift; sourceTree = "<group>"; };
		F9F0D3AE283D592000568EA1 /* ContentView.swift */ = {isa = PBXFileReference; lastKnownFileType = sourcecode.swift; path = ContentView.swift; sourceTree = "<group>"; };
		F9F0D3B0283D592200568EA1 /* Assets.xcassets */ = {isa = PBXFileReference; lastKnownFileType = folder.assetcatalog; path = Assets.xcassets; sourceTree = "<group>"; };
		F9F0D3B3283D592200568EA1 /* Preview Assets.xcassets */ = {isa = PBXFileReference; lastKnownFileType = folder.assetcatalog; path = "Preview Assets.xcassets"; sourceTree = "<group>"; };
		F9F0D3BA283D597600568EA1 /* HomeView.swift */ = {isa = PBXFileReference; lastKnownFileType = sourcecode.swift; path = HomeView.swift; sourceTree = "<group>"; };
		F9F0D3BC283D598100568EA1 /* StoryView.swift */ = {isa = PBXFileReference; lastKnownFileType = sourcecode.swift; path = StoryView.swift; sourceTree = "<group>"; };
		F9F0D3BE283D598700568EA1 /* FavoritesView.swift */ = {isa = PBXFileReference; lastKnownFileType = sourcecode.swift; path = FavoritesView.swift; sourceTree = "<group>"; };
		F9F0D3C0283D598F00568EA1 /* FunFactsView.swift */ = {isa = PBXFileReference; lastKnownFileType = sourcecode.swift; path = FunFactsView.swift; sourceTree = "<group>"; };
		F9F0D3C5283D5A4F00568EA1 /* Data.swift */ = {isa = PBXFileReference; lastKnownFileType = sourcecode.swift; path = Data.swift; sourceTree = "<group>"; };
/* End PBXFileReference section */

/* Begin PBXFrameworksBuildPhase section */
		F9F0D3A6283D592000568EA1 /* Frameworks */ = {
			isa = PBXFrameworksBuildPhase;
			buildActionMask = 2147483647;
			files = (
			);
			runOnlyForDeploymentPostprocessing = 0;
		};
/* End PBXFrameworksBuildPhase section */

/* Begin PBXGroup section */
		F9F0D3A0283D592000568EA1 = {
			isa = PBXGroup;
			children = (
				F9F0D3C5283D5A4F00568EA1 /* Data.swift */,
				F9F0D3AB283D592000568EA1 /* TabbedInterfacee */,
				F9F0D3AA283D592000568EA1 /* Products */,
			);
			sourceTree = "<group>";
		};
		F9F0D3AA283D592000568EA1 /* Products */ = {
			isa = PBXGroup;
			children = (
				F9F0D3A9283D592000568EA1 /* TabbedInterfacee.app */,
			);
			name = Products;
			sourceTree = "<group>";
		};
		F9F0D3AB283D592000568EA1 /* TabbedInterfacee */ = {
			isa = PBXGroup;
			children = (
				F9F0D3AC283D592000568EA1 /* TabbedInterfaceeApp.swift */,
				F9F0D3AE283D592000568EA1 /* ContentView.swift */,
				F9F0D3BA283D597600568EA1 /* HomeView.swift */,
				F9F0D3BC283D598100568EA1 /* StoryView.swift */,
				F9F0D3BE283D598700568EA1 /* FavoritesView.swift */,
				F9F0D3C0283D598F00568EA1 /* FunFactsView.swift */,
				F9F0D3B0283D592200568EA1 /* Assets.xcassets */,
				F9F0D3B2283D592200568EA1 /* Preview Content */,
			);
			path = TabbedInterfacee;
			sourceTree = "<group>";
		};
		F9F0D3B2283D592200568EA1 /* Preview Content */ = {
			isa = PBXGroup;
			children = (
				F9F0D3B3283D592200568EA1 /* Preview Assets.xcassets */,
			);
			path = "Preview Content";
			sourceTree = "<group>";
		};
/* End PBXGroup section */

/* Begin PBXNativeTarget section */
		F9F0D3A8283D592000568EA1 /* TabbedInterfacee */ = {
			isa = PBXNativeTarget;
			buildConfigurationList = F9F0D3B7283D592200568EA1 /* Build configuration list for PBXNativeTarget "TabbedInterfacee" */;
			buildPhases = (
				F9F0D3A5283D592000568EA1 /* Sources */,
				F9F0D3A6283D592000568EA1 /* Frameworks */,
				F9F0D3A7283D592000568EA1 /* Resources */,
			);
			buildRules = (
			);
			dependencies = (
			);
			name = TabbedInterfacee;
			productName = TabbedInterfacee;
			productReference = F9F0D3A9283D592000568EA1 /* TabbedInterfacee.app */;
			productType = "com.apple.product-type.application";
		};
/* End PBXNativeTarget section */

/* Begin PBXProject section */
		F9F0D3A1283D592000568EA1 /* Project object */ = {
			isa = PBXProject;
			attributes = {
				BuildIndependentTargetsInParallel = 1;
				LastSwiftUpdateCheck = 1320;
				LastUpgradeCheck = 1320;
				TargetAttributes = {
					F9F0D3A8283D592000568EA1 = {
						CreatedOnToolsVersion = 13.2.1;
					};
				};
			};
			buildConfigurationList = F9F0D3A4283D592000568EA1 /* Build configuration list for PBXProject "TabbedInterfacee" */;
			compatibilityVersion = "Xcode 13.0";
			developmentRegion = en;
			hasScannedForEncodings = 0;
			knownRegions = (
				en,
				Base,
			);
			mainGroup = F9F0D3A0283D592000568EA1;
			productRefGroup = F9F0D3AA283D592000568EA1 /* Products */;
			projectDirPath = "";
			projectRoot = "";
			targets = (
				F9F0D3A8283D592000568EA1 /* TabbedInterfacee */,
			);
		};
/* End PBXProject section */

/* Begin PBXResourcesBuildPhase section */
		F9F0D3A7283D592000568EA1 /* Resources */ = {
			isa = PBXResourcesBuildPhase;
			buildActionMask = 2147483647;
			files = (
				F9F0D3B4283D592200568EA1 /* Preview Assets.xcassets in Resources */,
				F9F0D3B1283D592200568EA1 /* Assets.xcassets in Resources */,
			);
			runOnlyForDeploymentPostprocessing = 0;
		};
/* End PBXResourcesBuildPhase section */

/* Begin PBXSourcesBuildPhase section */
		F9F0D3A5283D592000568EA1 /* Sources */ = {
			isa = PBXSourcesBuildPhase;
			buildActionMask = 2147483647;
			files = (
				F9F0D3C6283D5A4F00568EA1 /* Data.swift in Sources */,
				F9F0D3BF283D598700568EA1 /* FavoritesView.swift in Sources */,
				F9F0D3BB283D597600568EA1 /* HomeView.swift in Sources */,
				F9F0D3C1283D598F00568EA1 /* FunFactsView.swift in Sources */,
				F9F0D3AF283D592000568EA1 /* ContentView.swift in Sources */,
				F9F0D3BD283D598100568EA1 /* StoryView.swift in Sources */,
				F9F0D3AD283D592000568EA1 /* TabbedInterfaceeApp.swift in Sources */,
			);
			runOnlyForDeploymentPostprocessing = 0;
		};
/* End PBXSourcesBuildPhase section */

/* Begin XCBuildConfiguration section */
		F9F0D3B5283D592200568EA1 /* Debug */ = {
			isa = XCBuildConfiguration;
			buildSettings = {
				ALWAYS_SEARCH_USER_PATHS = NO;
				CLANG_ANALYZER_NONNULL = YES;
				CLANG_ANALYZER_NUMBER_OBJECT_CONVERSION = YES_AGGRESSIVE;
				CLANG_CXX_LANGUAGE_STANDARD = "gnu++17";
				CLANG_CXX_LIBRARY = "libc++";
				CLANG_ENABLE_MODULES = YES;
				CLANG_ENABLE_OBJC_ARC = YES;
				CLANG_ENABLE_OBJC_WEAK = YES;
				CLANG_WARN_BLOCK_CAPTURE_AUTORELEASING = YES;
				CLANG_WARN_BOOL_CONVERSION = YES;
				CLANG_WARN_COMMA = YES;
				CLANG_WARN_CONSTANT_CONVERSION = YES;
				CLANG_WARN_DEPRECATED_OBJC_IMPLEMENTATIONS = YES;
				CLANG_WARN_DIRECT_OBJC_ISA_USAGE = YES_ERROR;
				CLANG_WARN_DOCUMENTATION_COMMENTS = YES;
				CLANG_WARN_EMPTY_BODY = YES;
				CLANG_WARN_ENUM_CONVERSION = YES;
				CLANG_WARN_INFINITE_RECURSION = YES;
				CLANG_WARN_INT_CONVERSION = YES;
				CLANG_WARN_NON_LITERAL_NULL_CONVERSION = YES;
				CLANG_WARN_OBJC_IMPLICIT_RETAIN_SELF = YES;
				CLANG_WARN_OBJC_LITERAL_CONVERSION = YES;
				CLANG_WARN_OBJC_ROOT_CLASS = YES_ERROR;
				CLANG_WARN_QUOTED_INCLUDE_IN_FRAMEWORK_HEADER = YES;
				CLANG_WARN_RANGE_LOOP_ANALYSIS = YES;
				CLANG_WARN_STRICT_PROTOTYPES = YES;
				CLANG_WARN_SUSPICIOUS_MOVE = YES;
				CLANG_WARN_UNGUARDED_AVAILABILITY = YES_AGGRESSIVE;
				CLANG_WARN_UNREACHABLE_CODE = YES;
				CLANG_WARN__DUPLICATE_METHOD_MATCH = YES;
				COPY_PHASE_STRIP = NO;
				DEBUG_INFORMATION_FORMAT = dwarf;
				ENABLE_STRICT_OBJC_MSGSEND = YES;
				ENABLE_TESTABILITY = YES;
				GCC_C_LANGUAGE_STANDARD = gnu11;
				GCC_DYNAMIC_NO_PIC = NO;
				GCC_NO_COMMON_BLOCKS = YES;
				GCC_OPTIMIZATION_LEVEL = 0;
				GCC_PREPROCESSOR_DEFINITIONS = (
					"DEBUG=1",
					"$(inherited)",
				);
				GCC_WARN_64_TO_32_BIT_CONVERSION = YES;
				GCC_WARN_ABOUT_RETURN_TYPE = YES_ERROR;
				GCC_WARN_UNDECLARED_SELECTOR = YES;
				GCC_WARN_UNINITIALIZED_AUTOS = YES_AGGRESSIVE;
				GCC_WARN_UNUSED_FUNCTION = YES;
				GCC_WARN_UNUSED_VARIABLE = YES;
				IPHONEOS_DEPLOYMENT_TARGET = 15.2;
				MTL_ENABLE_DEBUG_INFO = INCLUDE_SOURCE;
				MTL_FAST_MATH = YES;
				ONLY_ACTIVE_ARCH = YES;
				SDKROOT = iphoneos;
				SWIFT_ACTIVE_COMPILATION_CONDITIONS = DEBUG;
				SWIFT_OPTIMIZATION_LEVEL = "-Onone";
			};
			name = Debug;
		};
		F9F0D3B6283D592200568EA1 /* Release */ = {
			isa = XCBuildConfiguration;
			buildSettings = {
				ALWAYS_SEARCH_USER_PATHS = NO;
				CLANG_ANALYZER_NONNULL = YES;
				CLANG_ANALYZER_NUMBER_OBJECT_CONVERSION = YES_AGGRESSIVE;
				CLANG_CXX_LANGUAGE_STANDARD = "gnu++17";
				CLANG_CXX_LIBRARY = "libc++";
				CLANG_ENABLE_MODULES = YES;
				CLANG_ENABLE_OBJC_ARC = YES;
				CLANG_ENABLE_OBJC_WEAK = YES;
				CLANG_WARN_BLOCK_CAPTURE_AUTORELEASING = YES;
				CLANG_WARN_BOOL_CONVERSION = YES;
				CLANG_WARN_COMMA = YES;
				CLANG_WARN_CONSTANT_CONVERSION = YES;
				CLANG_WARN_DEPRECATED_OBJC_IMPLEMENTATIONS = YES;
				CLANG_WARN_DIRECT_OBJC_ISA_USAGE = YES_ERROR;
				CLANG_WARN_DOCUMENTATION_COMMENTS = YES;
				CLANG_WARN_EMPTY_BODY = YES;
				CLANG_WARN_ENUM_CONVERSION = YES;
				CLANG_WARN_INFINITE_RECURSION = YES;
				CLANG_WARN_INT_CONVERSION = YES;
				CLANG_WARN_NON_LITERAL_NULL_CONVERSION = YES;
				CLANG_WARN_OBJC_IMPLICIT_RETAIN_SELF = YES;
				CLANG_WARN_OBJC_LITERAL_CONVERSION = YES;
				CLANG_WARN_OBJC_ROOT_CLASS = YES_ERROR;
				CLANG_WARN_QUOTED_INCLUDE_IN_FRAMEWORK_HEADER = YES;
				CLANG_WARN_RANGE_LOOP_ANALYSIS = YES;
				CLANG_WARN_STRICT_PROTOTYPES = YES;
				CLANG_WARN_SUSPICIOUS_MOVE = YES;
				CLANG_WARN_UNGUARDED_AVAILABILITY = YES_AGGRESSIVE;
				CLANG_WARN_UNREACHABLE_CODE = YES;
				CLANG_WARN__DUPLICATE_METHOD_MATCH = YES;
				COPY_PHASE_STRIP = NO;
				DEBUG_INFORMATION_FORMAT = "dwarf-with-dsym";
				ENABLE_NS_ASSERTIONS = NO;
				ENABLE_STRICT_OBJC_MSGSEND = YES;
				GCC_C_LANGUAGE_STANDARD = gnu11;
				GCC_NO_COMMON_BLOCKS = YES;
				GCC_WARN_64_TO_32_BIT_CONVERSION = YES;
				GCC_WARN_ABOUT_RETURN_TYPE = YES_ERROR;
				GCC_WARN_UNDECLARED_SELECTOR = YES;
				GCC_WARN_UNINITIALIZED_AUTOS = YES_AGGRESSIVE;
				GCC_WARN_UNUSED_FUNCTION = YES;
				GCC_WARN_UNUSED_VARIABLE = YES;
				IPHONEOS_DEPLOYMENT_TARGET = 15.2;
				MTL_ENABLE_DEBUG_INFO = NO;
				MTL_FAST_MATH = YES;
				SDKROOT = iphoneos;
				SWIFT_COMPILATION_MODE = wholemodule;
				SWIFT_OPTIMIZATION_LEVEL = "-O";
				VALIDATE_PRODUCT = YES;
			};
			name = Release;
		};
		F9F0D3B8283D592200568EA1 /* Debug */ = {
			isa = XCBuildConfiguration;
			buildSettings = {
				ASSETCATALOG_COMPILER_APPICON_NAME = AppIcon;
				ASSETCATALOG_COMPILER_GLOBAL_ACCENT_COLOR_NAME = AccentColor;
				CODE_SIGN_STYLE = Automatic;
				CURRENT_PROJECT_VERSION = 1;
				DEVELOPMENT_ASSET_PATHS = "\"TabbedInterfacee/Preview Content\"";
				DEVELOPMENT_TEAM = 97489W58S8;
				ENABLE_PREVIEWS = YES;
				GENERATE_INFOPLIST_FILE = YES;
				INFOPLIST_KEY_UIApplicationSceneManifest_Generation = YES;
				INFOPLIST_KEY_UIApplicationSupportsIndirectInputEvents = YES;
				INFOPLIST_KEY_UILaunchScreen_Generation = YES;
				INFOPLIST_KEY_UISupportedInterfaceOrientations_iPad = "UIInterfaceOrientationPortrait UIInterfaceOrientationPortraitUpsideDown UIInterfaceOrientationLandscapeLeft UIInterfaceOrientationLandscapeRight";
				INFOPLIST_KEY_UISupportedInterfaceOrientations_iPhone = "UIInterfaceOrientationPortrait UIInterfaceOrientationLandscapeLeft UIInterfaceOrientationLandscapeRight";
				LD_RUNPATH_SEARCH_PATHS = (
					"$(inherited)",
					"@executable_path/Frameworks",
				);
				MARKETING_VERSION = 1.0;
				PRODUCT_BUNDLE_IDENTIFIER = ZapSoftware.TabbedInterfacee;
				PRODUCT_NAME = "$(TARGET_NAME)";
				SWIFT_EMIT_LOC_STRINGS = YES;
				SWIFT_VERSION = 5.0;
				TARGETED_DEVICE_FAMILY = "1,2";
			};
			name = Debug;
		};
		F9F0D3B9283D592200568EA1 /* Release */ = {
			isa = XCBuildConfiguration;
			buildSettings = {
				ASSETCATALOG_COMPILER_APPICON_NAME = AppIcon;
				ASSETCATALOG_COMPILER_GLOBAL_ACCENT_COLOR_NAME = AccentColor;
				CODE_SIGN_STYLE = Automatic;
				CURRENT_PROJECT_VERSION = 1;
				DEVELOPMENT_ASSET_PATHS = "\"TabbedInterfacee/Preview Content\"";
				DEVELOPMENT_TEAM = 97489W58S8;
				ENABLE_PREVIEWS = YES;
				GENERATE_INFOPLIST_FILE = YES;
				INFOPLIST_KEY_UIApplicationSceneManifest_Generation = YES;
				INFOPLIST_KEY_UIApplicationSupportsIndirectInputEvents = YES;
				INFOPLIST_KEY_UILaunchScreen_Generation = YES;
				INFOPLIST_KEY_UISupportedInterfaceOrientations_iPad = "UIInterfaceOrientationPortrait UIInterfaceOrientationPortraitUpsideDown UIInterfaceOrientationLandscapeLeft UIInterfaceOrientationLandscapeRight";
				INFOPLIST_KEY_UISupportedInterfaceOrientations_iPhone = "UIInterfaceOrientationPortrait UIInterfaceOrientationLandscapeLeft UIInterfaceOrientationLandscapeRight";
				LD_RUNPATH_SEARCH_PATHS = (
					"$(inherited)",
					"@executable_path/Frameworks",
				);
				MARKETING_VERSION = 1.0;
				PRODUCT_BUNDLE_IDENTIFIER = ZapSoftware.TabbedInterfacee;
				PRODUCT_NAME = "$(TARGET_NAME)";
				SWIFT_EMIT_LOC_STRINGS = YES;
				SWIFT_VERSION = 5.0;
				TARGETED_DEVICE_FAMILY = "1,2";
			};
			name = Release;
		};
/* End XCBuildConfiguration section */

/* Begin XCConfigurationList section */
		F9F0D3A4283D592000568EA1 /* Build configuration list for PBXProject "TabbedInterfacee" */ = {
			isa = XCConfigurationList;
			buildConfigurations = (
				F9F0D3B5283D592200568EA1 /* Debug */,
				F9F0D3B6283D592200568EA1 /* Release */,
			);
			defaultConfigurationIsVisible = 0;
			defaultConfigurationName = Release;
		};
		F9F0D3B7283D592200568EA1 /* Build configuration list for PBXNativeTarget "TabbedInterfacee" */ = {
			isa = XCConfigurationList;
			buildConfigurations = (
				F9F0D3B8283D592200568EA1 /* Debug */,
				F9F0D3B9283D592200568EA1 /* Release */,
			);
			defaultConfigurationIsVisible = 0;
			defaultConfigurationName = Release;
		};
/* End XCConfigurationList section */
	};
	rootObject = F9F0D3A1283D592000568EA1 /* Project object */;
}
